
Microsoft Visual Studio Solution File, Format Version 12.00
# Visual Studio Version 16
VisualStudioVersion = 16.0.29025.244
MinimumVisualStudioVersion = 10.0.40219.1
Project("{FAE04EC0-301F-11D3-BF4B-00C04F79EFBC}") = "ConsoleApp2", "ConsoleApp2.csproj", "{31B488A7-A9F8-4B8B-96A3-1C8B929A0FD7}"
EndProject
Global
	GlobalSection(SolutionConfigurationPlatforms) = preSolution
		Debug|Any CPU = Debug|Any CPU
		Release|Any CPU = Release|Any CPU
	EndGlobalSection
	GlobalSection(ProjectConfigurationPlatforms) = postSolution
		{31B488A7-A9F8-4B8B-96A3-1C8B929A0FD7}.Debug|Any CPU.ActiveCfg = Debug|Any CPU
		{31B488A7-A9F8-4B8B-96A3-1C8B929A0FD7}.Debug|Any CPU.Build.0 = Debug|Any CPU
		{31B488A7-A9F8-4B8B-96A3-1C8B929A0FD7}.Release|Any CPU.ActiveCfg = Release|Any CPU
		{31B488A7-A9F8-4B8B-96A3-1C8B929A0FD7}.Release|Any CPU.Build.0 = Release|Any CPU
	EndGlobalSection
	GlobalSection(SolutionProperties) = preSolution
		HideSolutionNode = FALSE
	EndGlobalSection
	GlobalSection(ExtensibilityGlobals) = postSolution
		SolutionGuid = {2228D3D6-2982-4A85-AD3F-FBB8D8E93079}
	EndGlobalSection
EndGlobal
